
Microsoft Visual Studio Solution File, Format Version 12.00
Project("{FAE04EC0-301F-11D3-BF4B-00C04F79EFBC}") = "HealthHormones.Core", "HealthHormones.Core\HealthHormones.Core.csproj", "{3471BA3D-A49C-46E6-A984-3DCE1F1180A6}"
EndProject
Global
	GlobalSection(SolutionConfigurationPlatforms) = preSolution
		Debug|Any CPU = Debug|Any CPU
		Release|Any CPU = Release|Any CPU
	EndGlobalSection
	GlobalSection(ProjectConfigurationPlatforms) = postSolution
		{3471BA3D-A49C-46E6-A984-3DCE1F1180A6}.Debug|Any CPU.ActiveCfg = Debug|Any CPU
		{3471BA3D-A49C-46E6-A984-3DCE1F1180A6}.Debug|Any CPU.Build.0 = Debug|Any CPU
		{3471BA3D-A49C-46E6-A984-3DCE1F1180A6}.Release|Any CPU.ActiveCfg = Release|Any CPU
		{3471BA3D-A49C-46E6-A984-3DCE1F1180A6}.Release|Any CPU.Build.0 = Release|Any CPU
	EndGlobalSection
EndGlobal
